{
  "nodes": {
    "nixpkgs": {
      "locked": {
        "lastModified": 1682591986,
        "narHash": "sha256-BU5dJ9MmZYsGr1Dnf8p5VV8cSbMKuNiqw4A14/V8pjo=",
        "owner": "nixos",
        "repo": "nixpkgs",
        "rev": "1c8257a313a5eb4d5f86edc2d325a23ff8085b94",
        "type": "github"
      },
      "original": {
        "owner": "nixos",
        "repo": "nixpkgs",
        "type": "github"
      }
    },
    "root": {
      "inputs": {
        "nixpkgs": "nixpkgs"
      }
    }
  },
  "root": "root",
  "version": 7
}
